PODS:
  - Flutter (1.0.0)
  - integration_test (0.0.1):
    - Flutter
  - native_device_orientation (0.0.1):
    - Flutter
  - video_camera (0.0.1):
    - Flutter

DEPENDENCIES:
  - Flutter (from `Flutter`)
  - integration_test (from `.symlinks/plugins/integration_test/ios`)
  - native_device_orientation (from `.symlinks/plugins/native_device_orientation/ios`)
  - video_camera (from `.symlinks/plugins/video_camera/ios`)

EXTERNAL SOURCES:
  Flutter:
    :path: Flutter
  integration_test:
    :path: ".symlinks/plugins/integration_test/ios"
  native_device_orientation:
    :path: ".symlinks/plugins/native_device_orientation/ios"
  video_camera:
    :path: ".symlinks/plugins/video_camera/ios"

SPEC CHECKSUMS:
  Flutter: cabc95a1d2626b1b06e7179b784ebcf0c0cde467
  integration_test: 252f60fa39af5e17c3aa9899d35d908a0721b573
  native_device_orientation: 348b10c346a60ebbc62fb235a4fdb5d1b61a8f55
  video_camera: d2e7ba8a191fe55cba49de4d7da76b70a6b85b7d

PODFILE CHECKSUM: 3c63482e143d1b91d2d2560aee9fb04ecc74ac7e

COCOAPODS: 1.16.2
